
Microsoft Visual Studio Solution File, Format Version 12.00
# Visual Studio Version 16
VisualStudioVersion = 16.0.30413.136
MinimumVisualStudioVersion = 10.0.40219.1
Project("{FAE04EC0-301F-11D3-BF4B-00C04F79EFBC}") = "ConsoleAppOperatorOverloading", "ConsoleAppOperatorOverloading\ConsoleAppOperatorOverloading.csproj", "{C1CE3EDC-46BF-4944-B50C-A82472E38EA5}"
EndProject
Project("{FAE04EC0-301F-11D3-BF4B-00C04F79EFBC}") = "Fraction", "Fraction\Fraction.csproj", "{5DE4087A-B37A-4CFC-998E-E19157180DF2}"
EndProject
Project("{FAE04EC0-301F-11D3-BF4B-00C04F79EFBC}") = "ConsoleAppCollections", "ConsoleAppCollections\ConsoleAppCollections.csproj", "{5CEA49F4-980F-4F12-B5DD-B831358647DA}"
EndProject
Global
	GlobalSection(SolutionConfigurationPlatforms) = preSolution
		Debug|Any CPU = Debug|Any CPU
		Release|Any CPU = Release|Any CPU
	EndGlobalSection
	GlobalSection(ProjectConfigurationPlatforms) = postSolution
		{C1CE3EDC-46BF-4944-B50C-A82472E38EA5}.Debug|Any CPU.ActiveCfg = Debug|Any CPU
		{C1CE3EDC-46BF-4944-B50C-A82472E38EA5}.Debug|Any CPU.Build.0 = Debug|Any CPU
		{C1CE3EDC-46BF-4944-B50C-A82472E38EA5}.Release|Any CPU.ActiveCfg = Release|Any CPU
		{C1CE3EDC-46BF-4944-B50C-A82472E38EA5}.Release|Any CPU.Build.0 = Release|Any CPU
		{5DE4087A-B37A-4CFC-998E-E19157180DF2}.Debug|Any CPU.ActiveCfg = Debug|Any CPU
		{5DE4087A-B37A-4CFC-998E-E19157180DF2}.Debug|Any CPU.Build.0 = Debug|Any CPU
		{5DE4087A-B37A-4CFC-998E-E19157180DF2}.Release|Any CPU.ActiveCfg = Release|Any CPU
		{5DE4087A-B37A-4CFC-998E-E19157180DF2}.Release|Any CPU.Build.0 = Release|Any CPU
		{5CEA49F4-980F-4F12-B5DD-B831358647DA}.Debug|Any CPU.ActiveCfg = Debug|Any CPU
		{5CEA49F4-980F-4F12-B5DD-B831358647DA}.Debug|Any CPU.Build.0 = Debug|Any CPU
		{5CEA49F4-980F-4F12-B5DD-B831358647DA}.Release|Any CPU.ActiveCfg = Release|Any CPU
		{5CEA49F4-980F-4F12-B5DD-B831358647DA}.Release|Any CPU.Build.0 = Release|Any CPU
	EndGlobalSection
	GlobalSection(SolutionProperties) = preSolution
		HideSolutionNode = FALSE
	EndGlobalSection
	GlobalSection(ExtensibilityGlobals) = postSolution
		SolutionGuid = {D2A3DDCC-0881-43D4-AD05-802465B24993}
	EndGlobalSection
EndGlobal
